{
  "requires": true,
  "lockfileVersion": 1,
  "dependencies": {
    "angular": {
      "version": "1.7.4",
      "resolved": "https://registry.npmjs.org/angular/-/angular-1.7.4.tgz",
      "integrity": "sha512-nYTWc9CpZjTY57l8EA1+DGpQNzI6HewQ34bfRYoGXBYysIoPYjfcgTGWC+Vl3AaeCnhAb3VTkysVESvCBpUIoA=="
    },
    "angular-animate": {
      "version": "1.7.4",
      "resolved": "https://registry.npmjs.org/angular-animate/-/angular-animate-1.7.4.tgz",
      "integrity": "sha512-9IzpAd39tzV6CL/kfNpkGFpVLHagHq8XpuCmPy+BfqwxzZOkCnSNtIJA0dfO0nKXg7j9UYGapboQeSuv+creSQ=="
    },
    "angular-aria": {
      "version": "1.7.4",
      "resolved": "https://registry.npmjs.org/angular-aria/-/angular-aria-1.7.4.tgz",
      "integrity": "sha512-nmZ7xjvVMm1PVEvJ360gJQqEF4FGRdTFWZtDOE4+uHGZZlVJeCEcsrnZCONX4qyK3rrRHUFSHZc1OV8+heGrhw=="
    },
    "angular-cookies": {
      "version": "1.7.4",
      "resolved": "https://registry.npmjs.org/angular-cookies/-/angular-cookies-1.7.4.tgz",
      "integrity": "sha512-NIEjCFkLD6YLQPBhycyszDJ0EFlXYxhmwRRgOnuAuHfch3Uz65Lp7LcHwg4tFJQs28jNK9j0CDbGKx87wQbatg=="
    },
    "angular-material": {
      "version": "1.1.10",
      "resolved": "https://registry.npmjs.org/angular-material/-/angular-material-1.1.10.tgz",
      "integrity": "sha512-LfBt5a1AVPbtsFzbmAyyZj90Gtc1U94OGtfMEauGzwsfqTnbH/y/9dtndH84N9S65wXkBoBe3VG6kfyoQSeCVw=="
    },
    "angular-messages": {
      "version": "1.7.4",
      "resolved": "https://registry.npmjs.org/angular-messages/-/angular-messages-1.7.4.tgz",
      "integrity": "sha512-Tw4DbtTm2O0BwJxWeJwX5mk2gDuGJM8I4aBWAqG3ci/pgQQWRMYo8JXTaZ1rzaEoYo7n5F2ruXaN8jlcbHcsQw=="
    },
    "angular-route": {
      "version": "1.7.4",
      "resolved": "https://registry.npmjs.org/angular-route/-/angular-route-1.7.4.tgz",
      "integrity": "sha512-z7HjNixxCdU7Th12jeXS/MS9QV320AVIOHmZ39guXZMJY4fR3defC/uyzhJyEiiw2ySXfg/PWjWdterw82CVig=="
    },
    "angular-super-gallery": {
      "version": "1.4.7",
      "resolved": "https://registry.npmjs.org/angular-super-gallery/-/angular-super-gallery-1.4.7.tgz",
      "integrity": "sha512-JbLFoDtdVcJJLjhYJSxxordKJn2D3bXs1VnVpZ3XLXtofYKP/NKoZArBXG340P1he6/mHwaytBfmJ9gU0E7dDQ==",
      "requires": {
        "angular": "1.7.4",
        "angular-animate": "1.7.4",
        "angular-touch": "1.7.4",
        "bootstrap": "3.3.7",
        "jquery": "3.3.1",
        "screenfull": "3.3.3"
      },
      "dependencies": {
        "angular": {
          "version": "1.7.4",
          "resolved": "https://registry.npmjs.org/angular/-/angular-1.7.4.tgz",
          "integrity": "sha512-nYTWc9CpZjTY57l8EA1+DGpQNzI6HewQ34bfRYoGXBYysIoPYjfcgTGWC+Vl3AaeCnhAb3VTkysVESvCBpUIoA=="
        },
        "angular-animate": {
          "version": "1.7.4",
          "resolved": "https://registry.npmjs.org/angular-animate/-/angular-animate-1.7.4.tgz",
          "integrity": "sha512-9IzpAd39tzV6CL/kfNpkGFpVLHagHq8XpuCmPy+BfqwxzZOkCnSNtIJA0dfO0nKXg7j9UYGapboQeSuv+creSQ=="
        },
        "bootstrap": {
          "version": "3.3.7",
          "resolved": "https://registry.npmjs.org/bootstrap/-/bootstrap-3.3.7.tgz",
          "integrity": "sha1-WjiTlFSfIzMIdaOxUGVldPip63E="
        }
      }
    },
    "angular-touch": {
      "version": "1.7.4",
      "resolved": "https://registry.npmjs.org/angular-touch/-/angular-touch-1.7.4.tgz",
      "integrity": "sha512-hOArTyaOFn5gbpzc4XAmq2ctwen2slaWV9fTsQSOPUgF3/vXo6+in7u/5UZ0Qp8CvNiHu4mskG2sTvHftn2/jQ=="
    },
    "bootstrap": {
      "version": "4.1.3",
      "resolved": "https://registry.npmjs.org/bootstrap/-/bootstrap-4.1.3.tgz",
      "integrity": "sha512-rDFIzgXcof0jDyjNosjv4Sno77X4KuPeFxG2XZZv1/Kc8DRVGVADdoQyyOVDwPqL36DDmtCQbrpMCqvpPLJQ0w=="
    },
    "jquery": {
      "version": "3.3.1",
      "resolved": "https://registry.npmjs.org/jquery/-/jquery-3.3.1.tgz",
      "integrity": "sha512-Ubldcmxp5np52/ENotGxlLe6aGMvmF4R8S6tZjsP6Knsaxd/xp3Zrh50cG93lR6nPXyUFwzN3ZSOQI0wRJNdGg=="
    },
    "lodash": {
      "version": "4.17.11",
      "resolved": "https://registry.npmjs.org/lodash/-/lodash-4.17.11.tgz",
      "integrity": "sha512-cQKh8igo5QUhZ7lg38DYWAxMvjSAKG0A8wGSVimP07SIUEK2UO+arSRKbRZWtelMtN5V0Hkwh5ryOto/SshYIg=="
    },
    "screenfull": {
      "version": "3.3.3",
      "resolved": "https://registry.npmjs.org/screenfull/-/screenfull-3.3.3.tgz",
      "integrity": "sha512-DzYUuXr+OV2BDvYXaYzlYgJd4WXZZ2CW5NFC7Kw6TUCpzXJAx4MwlVD6CH+Mu6fi8rfAQIQfqdFZ4jtDsEkWig=="
    }
  }
}
